// !$*UTF8*$!
{
	archiveVersion = 1;
	classes = {
	};
	objectVersion = 77;
	objects = {

/* Begin PBXBuildFile section */
		D5F49AE02EB1B1A70063DF9E /* README.md in Resources */ = {isa = PBXBuildFile; fileRef = D5F49ADF2EB1B1A70063DF9E /* README.md */; };
		D5F49AE62EB1B20C0063DF9E /* .gitignore in Resources */ = {isa = PBXBuildFile; fileRef = D5F49AE52EB1B20C0063DF9E /* .gitignore */; };
		D5F49AED2EB1D5B40063DF9E /* LICENSE in Resources */ = {isa = PBXBuildFile; fileRef = D5F49AEC2EB1D5B40063DF9E /* LICENSE */; };
/* End PBXBuildFile section */

/* Begin PBXContainerItemProxy section */
		D5F49AA72EAF85410063DF9E /* PBXContainerItemProxy */ = {
			isa = PBXContainerItemProxy;
			containerPortal = D5F49A882EAF853F0063DF9E /* Project object */;
			proxyType = 1;
			remoteGlobalIDString = D5F49A8F2EAF853F0063DF9E;
			remoteInfo = weatherapp;
		};
		D5F49AB12EAF85410063DF9E /* PBXContainerItemProxy */ = {
			isa = PBXContainerItemProxy;
			containerPortal = D5F49A882EAF853F0063DF9E /* Project object */;
			proxyType = 1;
			remoteGlobalIDString = D5F49A8F2EAF853F0063DF9E;
			remoteInfo = weatherapp;
		};
/* End PBXContainerItemProxy section */

/* Begin PBXFileReference section */
		D5F49A902EAF853F0063DF9E /* weatherapp.app */ = {isa = PBXFileReference; explicitFileType = wrapper.application; includeInIndex = 0; path = weatherapp.app; sourceTree = BUILT_PRODUCTS_DIR; };
		D5F49AA62EAF85410063DF9E /* weatherappTests.xctest */ = {isa = PBXFileReference; explicitFileType = wrapper.cfbundle; includeInIndex = 0; path = weatherappTests.xctest; sourceTree = BUILT_PRODUCTS_DIR; };
		D5F49AB02EAF85410063DF9E /* weatherappUITests.xctest */ = {isa = PBXFileReference; explicitFileType = wrapper.cfbundle; includeInIndex = 0; path = weatherappUITests.xctest; sourceTree = BUILT_PRODUCTS_DIR; };
		D5F49ADF2EB1B1A70063DF9E /* README.md */ = {isa = PBXFileReference; lastKnownFileType = net.daringfireball.markdown; path = README.md; sourceTree = "<group>"; };
		D5F49AE52EB1B20C0063DF9E /* .gitignore */ = {isa = PBXFileReference; lastKnownFileType = text; path = .gitignore; sourceTree = "<group>"; };
		D5F49AEC2EB1D5B40063DF9E /* LICENSE */ = {isa = PBXFileReference; lastKnownFileType = text; path = LICENSE; sourceTree = "<group>"; };
/* End PBXFileReference section */

/* Begin PBXFileSystemSynchronizedBuildFileExceptionSet section */
		D5F49AB82EAF85410063DF9E /* Exceptions for "weatherapp" folder in "weatherapp" target */ = {
			isa = PBXFileSystemSynchronizedBuildFileExceptionSet;
			membershipExceptions = (
				Info.plist,
			);
			target = D5F49A8F2EAF853F0063DF9E /* weatherapp */;
		};
/* End PBXFileSystemSynchronizedBuildFileExceptionSet section */

/* Begin PBXFileSystemSynchronizedRootGroup section */
		D5F49A922EAF853F0063DF9E /* weatherapp */ = {
			isa = PBXFileSystemSynchronizedRootGroup;
			exceptions = (
				D5F49AB82EAF85410063DF9E /* Exceptions for "weatherapp" folder in "weatherapp" target */,
			);
			path = weatherapp;
			sourceTree = "<group>";
		};
		D5F49AA92EAF85410063DF9E /* weatherappTests */ = {
			isa = PBXFileSystemSynchronizedRootGroup;
			path = weatherappTests;
			sourceTree = "<group>";
		};
		D5F49AB32EAF85410063DF9E /* weatherappUITests */ = {
			isa = PBXFileSystemSynchronizedRootGroup;
			path = weatherappUITests;
			sourceTree = "<group>";
		};
		D5F49AE72EB1B2D80063DF9E /* screenshots */ = {
			isa = PBXFileSystemSynchronizedRootGroup;
			path = screenshots;
			sourceTree = "<group>";
		};
/* End PBXFileSystemSynchronizedRootGroup section */

/* Begin PBXFrameworksBuildPhase section */
		D5F49A8D2EAF853F0063DF9E /* Frameworks */ = {
			isa = PBXFrameworksBuildPhase;
			buildActionMask = 2147483647;
			files = (
			);
			runOnlyForDeploymentPostprocessing = 0;
		};
		D5F49AA32EAF85410063DF9E /* Frameworks */ = {
			isa = PBXFrameworksBuildPhase;
			buildActionMask = 2147483647;
			files = (
			);
			runOnlyForDeploymentPostprocessing = 0;
		};
		D5F49AAD2EAF85410063DF9E /* Frameworks */ = {
			isa = PBXFrameworksBuildPhase;
			buildActionMask = 2147483647;
			files = (
			);
			runOnlyForDeploymentPostprocessing = 0;
		};
/* End PBXFrameworksBuildPhase section */

/* Begin PBXGroup section */
		D5F49A872EAF853F0063DF9E = {
			isa = PBXGroup;
			children = (
				D5F49AEC2EB1D5B40063DF9E /* LICENSE */,
				D5F49AE72EB1B2D80063DF9E /* screenshots */,
				D5F49AE52EB1B20C0063DF9E /* .gitignore */,
				D5F49ADF2EB1B1A70063DF9E /* README.md */,
				D5F49A922EAF853F0063DF9E /* weatherapp */,
				D5F49AA92EAF85410063DF9E /* weatherappTests */,
				D5F49AB32EAF85410063DF9E /* weatherappUITests */,
				D5F49A912EAF853F0063DF9E /* Products */,
			);
			sourceTree = "<group>";
		};
		D5F49A912EAF853F0063DF9E /* Products */ = {
			isa = PBXGroup;
			children = (
				D5F49A902EAF853F0063DF9E /* weatherapp.app */,
				D5F49AA62EAF85410063DF9E /* weatherappTests.xctest */,
				D5F49AB02EAF85410063DF9E /* weatherappUITests.xctest */,
			);
			name = Products;
			sourceTree = "<group>";
		};
/* End PBXGroup section */

/* Begin PBXNativeTarget section */
		D5F49A8F2EAF853F0063DF9E /* weatherapp */ = {
			isa = PBXNativeTarget;
			buildConfigurationList = D5F49AB92EAF85410063DF9E /* Build configuration list for PBXNativeTarget "weatherapp" */;
			buildPhases = (
				D5F49A8C2EAF853F0063DF9E /* Sources */,
				D5F49A8D2EAF853F0063DF9E /* Frameworks */,
				D5F49A8E2EAF853F0063DF9E /* Resources */,
			);
			buildRules = (
			);
			dependencies = (
			);
			fileSystemSynchronizedGroups = (
				D5F49A922EAF853F0063DF9E /* weatherapp */,
				D5F49AE72EB1B2D80063DF9E /* screenshots */,
			);
			name = weatherapp;
			packageProductDependencies = (
			);
			productName = weatherapp;
			productReference = D5F49A902EAF853F0063DF9E /* weatherapp.app */;
			productType = "com.apple.product-type.application";
		};
		D5F49AA52EAF85410063DF9E /* weatherappTests */ = {
			isa = PBXNativeTarget;
			buildConfigurationList = D5F49ABE2EAF85410063DF9E /* Build configuration list for PBXNativeTarget "weatherappTests" */;
			buildPhases = (
				D5F49AA22EAF85410063DF9E /* Sources */,
				D5F49AA32EAF85410063DF9E /* Frameworks */,
				D5F49AA42EAF85410063DF9E /* Resources */,
			);
			buildRules = (
			);
			dependencies = (
				D5F49AA82EAF85410063DF9E /* PBXTargetDependency */,
			);
			fileSystemSynchronizedGroups = (
				D5F49AA92EAF85410063DF9E /* weatherappTests */,
			);
			name = weatherappTests;
			packageProductDependencies = (
			);
			productName = weatherappTests;
			productReference = D5F49AA62EAF85410063DF9E /* weatherappTests.xctest */;
			productType = "com.apple.product-type.bundle.unit-test";
		};
		D5F49AAF2EAF85410063DF9E /* weatherappUITests */ = {
			isa = PBXNativeTarget;
			buildConfigurationList = D5F49AC12EAF85410063DF9E /* Build configuration list for PBXNativeTarget "weatherappUITests" */;
			buildPhases = (
				D5F49AAC2EAF85410063DF9E /* Sources */,
				D5F49AAD2EAF85410063DF9E /* Frameworks */,
				D5F49AAE2EAF85410063DF9E /* Resources */,
			);
			buildRules = (
			);
			dependencies = (
				D5F49AB22EAF85410063DF9E /* PBXTargetDependency */,
			);
			fileSystemSynchronizedGroups = (
				D5F49AB32EAF85410063DF9E /* weatherappUITests */,
			);
			name = weatherappUITests;
			packageProductDependencies = (
			);
			productName = weatherappUITests;
			productReference = D5F49AB02EAF85410063DF9E /* weatherappUITests.xctest */;
			productType = "com.apple.product-type.bundle.ui-testing";
		};
/* End PBXNativeTarget section */

/* Begin PBXProject section */
		D5F49A882EAF853F0063DF9E /* Project object */ = {
			isa = PBXProject;
			attributes = {
				BuildIndependentTargetsInParallel = 1;
				LastSwiftUpdateCheck = 1620;
				LastUpgradeCheck = 1620;
				TargetAttributes = {
					D5F49A8F2EAF853F0063DF9E = {
						CreatedOnToolsVersion = 16.2;
					};
					D5F49AA52EAF85410063DF9E = {
						CreatedOnToolsVersion = 16.2;
						TestTargetID = D5F49A8F2EAF853F0063DF9E;
					};
					D5F49AAF2EAF85410063DF9E = {
						CreatedOnToolsVersion = 16.2;
						TestTargetID = D5F49A8F2EAF853F0063DF9E;
					};
				};
			};
			buildConfigurationList = D5F49A8B2EAF853F0063DF9E /* Build configuration list for PBXProject "weatherapp" */;
			developmentRegion = en;
			hasScannedForEncodings = 0;
			knownRegions = (
				en,
				Base,
			);
			mainGroup = D5F49A872EAF853F0063DF9E;
			minimizedProjectReferenceProxies = 1;
			preferredProjectObjectVersion = 77;
			productRefGroup = D5F49A912EAF853F0063DF9E /* Products */;
			projectDirPath = "";
			projectRoot = "";
			targets = (
				D5F49A8F2EAF853F0063DF9E /* weatherapp */,
				D5F49AA52EAF85410063DF9E /* weatherappTests */,
				D5F49AAF2EAF85410063DF9E /* weatherappUITests */,
			);
		};
/* End PBXProject section */

/* Begin PBXResourcesBuildPhase section */
		D5F49A8E2EAF853F0063DF9E /* Resources */ = {
			isa = PBXResourcesBuildPhase;
			buildActionMask = 2147483647;
			files = (
				D5F49AE02EB1B1A70063DF9E /* README.md in Resources */,
				D5F49AED2EB1D5B40063DF9E /* LICENSE in Resources */,
				D5F49AE62EB1B20C0063DF9E /* .gitignore in Resources */,
			);
			runOnlyForDeploymentPostprocessing = 0;
		};
		D5F49AA42EAF85410063DF9E /* Resources */ = {
			isa = PBXResourcesBuildPhase;
			buildActionMask = 2147483647;
			files = (
			);
			runOnlyForDeploymentPostprocessing = 0;
		};
		D5F49AAE2EAF85410063DF9E /* Resources */ = {
			isa = PBXResourcesBuildPhase;
			buildActionMask = 2147483647;
			files = (
			);
			runOnlyForDeploymentPostprocessing = 0;
		};
/* End PBXResourcesBuildPhase section */

/* Begin PBXSourcesBuildPhase section */
		D5F49A8C2EAF853F0063DF9E /* Sources */ = {
			isa = PBXSourcesBuildPhase;
			buildActionMask = 2147483647;
			files = (
			);
			runOnlyForDeploymentPostprocessing = 0;
		};
		D5F49AA22EAF85410063DF9E /* Sources */ = {
			isa = PBXSourcesBuildPhase;
			buildActionMask = 2147483647;
			files = (
			);
			runOnlyForDeploymentPostprocessing = 0;
		};
		D5F49AAC2EAF85410063DF9E /* Sources */ = {
			isa = PBXSourcesBuildPhase;
			buildActionMask = 2147483647;
			files = (
			);
			runOnlyForDeploymentPostprocessing = 0;
		};
/* End PBXSourcesBuildPhase section */

/* Begin PBXTargetDependency section */
		D5F49AA82EAF85410063DF9E /* PBXTargetDependency */ = {
			isa = PBXTargetDependency;
			target = D5F49A8F2EAF853F0063DF9E /* weatherapp */;
			targetProxy = D5F49AA72EAF85410063DF9E /* PBXContainerItemProxy */;
		};
		D5F49AB22EAF85410063DF9E /* PBXTargetDependency */ = {
			isa = PBXTargetDependency;
			target = D5F49A8F2EAF853F0063DF9E /* weatherapp */;
			targetProxy = D5F49AB12EAF85410063DF9E /* PBXContainerItemProxy */;
		};
/* End PBXTargetDependency section */

/* Begin XCBuildConfiguration section */
		D5F49ABA2EAF85410063DF9E /* Debug */ = {
			isa = XCBuildConfiguration;
			buildSettings = {
				ASSETCATALOG_COMPILER_APPICON_NAME = AppIcon;
				ASSETCATALOG_COMPILER_GLOBAL_ACCENT_COLOR_NAME = AccentColor;
				CODE_SIGN_STYLE = Automatic;
				CURRENT_PROJECT_VERSION = 1;
				DEVELOPMENT_TEAM = 5JC2A4X37K;
				GENERATE_INFOPLIST_FILE = YES;
				INFOPLIST_FILE = weatherapp/Info.plist;
				INFOPLIST_KEY_UIApplicationSupportsIndirectInputEvents = YES;
				INFOPLIST_KEY_UILaunchStoryboardName = LaunchScreen;
				INFOPLIST_KEY_UISupportedInterfaceOrientations_iPad = "UIInterfaceOrientationPortrait UIInterfaceOrientationPortraitUpsideDown UIInterfaceOrientationLandscapeLeft UIInterfaceOrientationLandscapeRight";
				INFOPLIST_KEY_UISupportedInterfaceOrientations_iPhone = "UIInterfaceOrientationPortrait UIInterfaceOrientationLandscapeLeft UIInterfaceOrientationLandscapeRight";
				LD_RUNPATH_SEARCH_PATHS = (
					"$(inherited)",
					"@executable_path/Frameworks",
				);
				MARKETING_VERSION = 1.0;
				PRODUCT_BUNDLE_IDENTIFIER = io.elisoft.weatherapp;
				PRODUCT_NAME = "$(TARGET_NAME)";
				SWIFT_EMIT_LOC_STRINGS = YES;
				SWIFT_VERSION = 5.0;
				TARGETED_DEVICE_FAMILY = "1,2";
			};
			name = Debug;
		};
		D5F49ABB2EAF85410063DF9E /* Release */ = {
			isa = XCBuildConfiguration;
			buildSettings = {
				ASSETCATALOG_COMPILER_APPICON_NAME = AppIcon;
				ASSETCATALOG_COMPILER_GLOBAL_ACCENT_COLOR_NAME = AccentColor;
				CODE_SIGN_STYLE = Automatic;
				CURRENT_PROJECT_VERSION = 1;
				DEVELOPMENT_TEAM = 5JC2A4X37K;
				GENERATE_INFOPLIST_FILE = YES;
				INFOPLIST_FILE = weatherapp/Info.plist;
				INFOPLIST_KEY_UIApplicationSupportsIndirectInputEvents = YES;
				INFOPLIST_KEY_UILaunchStoryboardName = LaunchScreen;
				INFOPLIST_KEY_UISupportedInterfaceOrientations_iPad = "UIInterfaceOrientationPortrait UIInterfaceOrientationPortraitUpsideDown UIInterfaceOrientationLandscapeLeft UIInterfaceOrientationLandscapeRight";
				INFOPLIST_KEY_UISupportedInterfaceOrientations_iPhone = "UIInterfaceOrientationPortrait UIInterfaceOrientationLandscapeLeft UIInterfaceOrientationLandscapeRight";
				LD_RUNPATH_SEARCH_PATHS = (
					"$(inherited)",
					"@executable_path/Frameworks",
				);
				MARKETING_VERSION = 1.0;
				PRODUCT_BUNDLE_IDENTIFIER = io.elisoft.weatherapp;
				PRODUCT_NAME = "$(TARGET_NAME)";
				SWIFT_EMIT_LOC_STRINGS = YES;
				SWIFT_VERSION = 5.0;
				TARGETED_DEVICE_FAMILY = "1,2";
			};
			name = Release;
		};
		D5F49ABC2EAF85410063DF9E /* Debug */ = {
			isa = XCBuildConfiguration;
			buildSettings = {
				ALWAYS_SEARCH_USER_PATHS = NO;
				ASSETCATALOG_COMPILER_GENERATE_SWIFT_ASSET_SYMBOL_EXTENSIONS = YES;
				CLANG_ANALYZER_NONNULL = YES;
				CLANG_ANALYZER_NUMBER_OBJECT_CONVERSION = YES_AGGRESSIVE;
				CLANG_CXX_LANGUAGE_STANDARD = "gnu++20";
				CLANG_ENABLE_MODULES = YES;
				CLANG_ENABLE_OBJC_ARC = YES;
				CLANG_ENABLE_OBJC_WEAK = YES;
				CLANG_WARN_BLOCK_CAPTURE_AUTORELEASING = YES;
				CLANG_WARN_BOOL_CONVERSION = YES;
				CLANG_WARN_COMMA = YES;
				CLANG_WARN_CONSTANT_CONVERSION = YES;
				CLANG_WARN_DEPRECATED_OBJC_IMPLEMENTATIONS = YES;
				CLANG_WARN_DIRECT_OBJC_ISA_USAGE = YES_ERROR;
				CLANG_WARN_DOCUMENTATION_COMMENTS = YES;
				CLANG_WARN_EMPTY_BODY = YES;
				CLANG_WARN_ENUM_CONVERSION = YES;
				CLANG_WARN_INFINITE_RECURSION = YES;
				CLANG_WARN_INT_CONVERSION = YES;
				CLANG_WARN_NON_LITERAL_NULL_CONVERSION = YES;
				CLANG_WARN_OBJC_IMPLICIT_RETAIN_SELF = YES;
				CLANG_WARN_OBJC_LITERAL_CONVERSION = YES;
				CLANG_WARN_OBJC_ROOT_CLASS = YES_ERROR;
				CLANG_WARN_QUOTED_INCLUDE_IN_FRAMEWORK_HEADER = YES;
				CLANG_WARN_RANGE_LOOP_ANALYSIS = YES;
				CLANG_WARN_STRICT_PROTOTYPES = YES;
				CLANG_WARN_SUSPICIOUS_MOVE = YES;
				CLANG_WARN_UNGUARDED_AVAILABILITY = YES_AGGRESSIVE;
				CLANG_WARN_UNREACHABLE_CODE = YES;
				CLANG_WARN__DUPLICATE_METHOD_MATCH = YES;
				COPY_PHASE_STRIP = NO;
				DEBUG_INFORMATION_FORMAT = dwarf;
				ENABLE_STRICT_OBJC_MSGSEND = YES;
				ENABLE_TESTABILITY = YES;
				ENABLE_USER_SCRIPT_SANDBOXING = YES;
				GCC_C_LANGUAGE_STANDARD = gnu17;
				GCC_DYNAMIC_NO_PIC = NO;
				GCC_NO_COMMON_BLOCKS = YES;
				GCC_OPTIMIZATION_LEVEL = 0;
				GCC_PREPROCESSOR_DEFINITIONS = (
					"DEBUG=1",
					"$(inherited)",
				);
				GCC_WARN_64_TO_32_BIT_CONVERSION = YES;
				GCC_WARN_ABOUT_RETURN_TYPE = YES_ERROR;
				GCC_WARN_UNDECLARED_SELECTOR = YES;
				GCC_WARN_UNINITIALIZED_AUTOS = YES_AGGRESSIVE;
				GCC_WARN_UNUSED_FUNCTION = YES;
				GCC_WARN_UNUSED_VARIABLE = YES;
				IPHONEOS_DEPLOYMENT_TARGET = 18.2;
				LOCALIZATION_PREFERS_STRING_CATALOGS = YES;
				MTL_ENABLE_DEBUG_INFO = INCLUDE_SOURCE;
				MTL_FAST_MATH = YES;
				ONLY_ACTIVE_ARCH = YES;
				SDKROOT = iphoneos;
				SWIFT_ACTIVE_COMPILATION_CONDITIONS = "DEBUG $(inherited)";
				SWIFT_OPTIMIZATION_LEVEL = "-Onone";
			};
			name = Debug;
		};
		D5F49ABD2EAF85410063DF9E /* Release */ = {
			isa = XCBuildConfiguration;
			buildSettings = {
				ALWAYS_SEARCH_USER_PATHS = NO;
				ASSETCATALOG_COMPILER_GENERATE_SWIFT_ASSET_SYMBOL_EXTENSIONS = YES;
				CLANG_ANALYZER_NONNULL = YES;
				CLANG_ANALYZER_NUMBER_OBJECT_CONVERSION = YES_AGGRESSIVE;
				CLANG_CXX_LANGUAGE_STANDARD = "gnu++20";
				CLANG_ENABLE_MODULES = YES;
				CLANG_ENABLE_OBJC_ARC = YES;
				CLANG_ENABLE_OBJC_WEAK = YES;
				CLANG_WARN_BLOCK_CAPTURE_AUTORELEASING = YES;
				CLANG_WARN_BOOL_CONVERSION = YES;
				CLANG_WARN_COMMA = YES;
				CLANG_WARN_CONSTANT_CONVERSION = YES;
				CLANG_WARN_DEPRECATED_OBJC_IMPLEMENTATIONS = YES;
				CLANG_WARN_DIRECT_OBJC_ISA_USAGE = YES_ERROR;
				CLANG_WARN_DOCUMENTATION_COMMENTS = YES;
				CLANG_WARN_EMPTY_BODY = YES;
				CLANG_WARN_ENUM_CONVERSION = YES;
				CLANG_WARN_INFINITE_RECURSION = YES;
				CLANG_WARN_INT_CONVERSION = YES;
				CLANG_WARN_NON_LITERAL_NULL_CONVERSION = YES;
				CLANG_WARN_OBJC_IMPLICIT_RETAIN_SELF = YES;
				CLANG_WARN_OBJC_LITERAL_CONVERSION = YES;
				CLANG_WARN_OBJC_ROOT_CLASS = YES_ERROR;
				CLANG_WARN_QUOTED_INCLUDE_IN_FRAMEWORK_HEADER = YES;
				CLANG_WARN_RANGE_LOOP_ANALYSIS = YES;
				CLANG_WARN_STRICT_PROTOTYPES = YES;
				CLANG_WARN_SUSPICIOUS_MOVE = YES;
				CLANG_WARN_UNGUARDED_AVAILABILITY = YES_AGGRESSIVE;
				CLANG_WARN_UNREACHABLE_CODE = YES;
				CLANG_WARN__DUPLICATE_METHOD_MATCH = YES;
				COPY_PHASE_STRIP = NO;
				DEBUG_INFORMATION_FORMAT = "dwarf-with-dsym";
				ENABLE_NS_ASSERTIONS = NO;
				ENABLE_STRICT_OBJC_MSGSEND = YES;
				ENABLE_USER_SCRIPT_SANDBOXING = YES;
				GCC_C_LANGUAGE_STANDARD = gnu17;
				GCC_NO_COMMON_BLOCKS = YES;
				GCC_WARN_64_TO_32_BIT_CONVERSION = YES;
				GCC_WARN_ABOUT_RETURN_TYPE = YES_ERROR;
				GCC_WARN_UNDECLARED_SELECTOR = YES;
				GCC_WARN_UNINITIALIZED_AUTOS = YES_AGGRESSIVE;
				GCC_WARN_UNUSED_FUNCTION = YES;
				GCC_WARN_UNUSED_VARIABLE = YES;
				IPHONEOS_DEPLOYMENT_TARGET = 18.2;
				LOCALIZATION_PREFERS_STRING_CATALOGS = YES;
				MTL_ENABLE_DEBUG_INFO = NO;
				MTL_FAST_MATH = YES;
				SDKROOT = iphoneos;
				SWIFT_COMPILATION_MODE = wholemodule;
				VALIDATE_PRODUCT = YES;
			};
			name = Release;
		};
		D5F49ABF2EAF85410063DF9E /* Debug */ = {
			isa = XCBuildConfiguration;
			buildSettings = {
				BUNDLE_LOADER = "$(TEST_HOST)";
				CODE_SIGN_STYLE = Automatic;
				CURRENT_PROJECT_VERSION = 1;
				DEVELOPMENT_TEAM = 5JC2A4X37K;
				GENERATE_INFOPLIST_FILE = YES;
				IPHONEOS_DEPLOYMENT_TARGET = 18.2;
				MARKETING_VERSION = 1.0;
				PRODUCT_BUNDLE_IDENTIFIER = io.elisoft.weatherappTests;
				PRODUCT_NAME = "$(TARGET_NAME)";
				SWIFT_EMIT_LOC_STRINGS = NO;
				SWIFT_VERSION = 5.0;
				TARGETED_DEVICE_FAMILY = "1,2";
				TEST_HOST = "$(BUILT_PRODUCTS_DIR)/weatherapp.app/$(BUNDLE_EXECUTABLE_FOLDER_PATH)/weatherapp";
			};
			name = Debug;
		};
		D5F49AC02EAF85410063DF9E /* Release */ = {
			isa = XCBuildConfiguration;
			buildSettings = {
				BUNDLE_LOADER = "$(TEST_HOST)";
				CODE_SIGN_STYLE = Automatic;
				CURRENT_PROJECT_VERSION = 1;
				DEVELOPMENT_TEAM = 5JC2A4X37K;
				GENERATE_INFOPLIST_FILE = YES;
				IPHONEOS_DEPLOYMENT_TARGET = 18.2;
				MARKETING_VERSION = 1.0;
				PRODUCT_BUNDLE_IDENTIFIER = io.elisoft.weatherappTests;
				PRODUCT_NAME = "$(TARGET_NAME)";
				SWIFT_EMIT_LOC_STRINGS = NO;
				SWIFT_VERSION = 5.0;
				TARGETED_DEVICE_FAMILY = "1,2";
				TEST_HOST = "$(BUILT_PRODUCTS_DIR)/weatherapp.app/$(BUNDLE_EXECUTABLE_FOLDER_PATH)/weatherapp";
			};
			name = Release;
		};
		D5F49AC22EAF85410063DF9E /* Debug */ = {
			isa = XCBuildConfiguration;
			buildSettings = {
				CODE_SIGN_STYLE = Automatic;
				CURRENT_PROJECT_VERSION = 1;
				DEVELOPMENT_TEAM = 5JC2A4X37K;
				GENERATE_INFOPLIST_FILE = YES;
				MARKETING_VERSION = 1.0;
				PRODUCT_BUNDLE_IDENTIFIER = io.elisoft.weatherappUITests;
				PRODUCT_NAME = "$(TARGET_NAME)";
				SWIFT_EMIT_LOC_STRINGS = NO;
				SWIFT_VERSION = 5.0;
				TARGETED_DEVICE_FAMILY = "1,2";
				TEST_TARGET_NAME = weatherapp;
			};
			name = Debug;
		};
		D5F49AC32EAF85410063DF9E /* Release */ = {
			isa = XCBuildConfiguration;
			buildSettings = {
				CODE_SIGN_STYLE = Automatic;
				CURRENT_PROJECT_VERSION = 1;
				DEVELOPMENT_TEAM = 5JC2A4X37K;
				GENERATE_INFOPLIST_FILE = YES;
				MARKETING_VERSION = 1.0;
				PRODUCT_BUNDLE_IDENTIFIER = io.elisoft.weatherappUITests;
				PRODUCT_NAME = "$(TARGET_NAME)";
				SWIFT_EMIT_LOC_STRINGS = NO;
				SWIFT_VERSION = 5.0;
				TARGETED_DEVICE_FAMILY = "1,2";
				TEST_TARGET_NAME = weatherapp;
			};
			name = Release;
		};
/* End XCBuildConfiguration section */

/* Begin XCConfigurationList section */
		D5F49A8B2EAF853F0063DF9E /* Build configuration list for PBXProject "weatherapp" */ = {
			isa = XCConfigurationList;
			buildConfigurations = (
				D5F49ABC2EAF85410063DF9E /* Debug */,
				D5F49ABD2EAF85410063DF9E /* Release */,
			);
			defaultConfigurationIsVisible = 0;
			defaultConfigurationName = Release;
		};
		D5F49AB92EAF85410063DF9E /* Build configuration list for PBXNativeTarget "weatherapp" */ = {
			isa = XCConfigurationList;
			buildConfigurations = (
				D5F49ABA2EAF85410063DF9E /* Debug */,
				D5F49ABB2EAF85410063DF9E /* Release */,
			);
			defaultConfigurationIsVisible = 0;
			defaultConfigurationName = Release;
		};
		D5F49ABE2EAF85410063DF9E /* Build configuration list for PBXNativeTarget "weatherappTests" */ = {
			isa = XCConfigurationList;
			buildConfigurations = (
				D5F49ABF2EAF85410063DF9E /* Debug */,
				D5F49AC02EAF85410063DF9E /* Release */,
			);
			defaultConfigurationIsVisible = 0;
			defaultConfigurationName = Release;
		};
		D5F49AC12EAF85410063DF9E /* Build configuration list for PBXNativeTarget "weatherappUITests" */ = {
			isa = XCConfigurationList;
			buildConfigurations = (
				D5F49AC22EAF85410063DF9E /* Debug */,
				D5F49AC32EAF85410063DF9E /* Release */,
			);
			defaultConfigurationIsVisible = 0;
			defaultConfigurationName = Release;
		};
/* End XCConfigurationList section */
	};
	rootObject = D5F49A882EAF853F0063DF9E /* Project object */;
}
